
Microsoft Visual Studio Solution File, Format Version 12.00
# Visual Studio Version 17
VisualStudioVersion = 17.3.32825.248
MinimumVisualStudioVersion = 10.0.40219.1
Project("{9A19103F-16F7-4668-BE54-9A1E7A4F7556}") = "PRO201-ENE-Registro-Requerimientos", "PRO201-ENE-Registro-Requerimientos\PRO201-ENE-Registro-Requerimientos.csproj", "{53D67595-0C63-4B0E-83C9-CAF286B9A424}"
EndProject
Project("{2150E333-8FDC-42A3-9474-1A3956D46DE8}") = "Solution Items", "Solution Items", "{8B0D9F5B-D143-48AC-9107-E9978FDF9AF2}"
	ProjectSection(SolutionItems) = preProject
		.editorconfig = .editorconfig
	EndProjectSection
EndProject
Global
	GlobalSection(SolutionConfigurationPlatforms) = preSolution
		Debug|Any CPU = Debug|Any CPU
		Release|Any CPU = Release|Any CPU
	EndGlobalSection
	GlobalSection(ProjectConfigurationPlatforms) = postSolution
		{53D67595-0C63-4B0E-83C9-CAF286B9A424}.Debug|Any CPU.ActiveCfg = Debug|Any CPU
		{53D67595-0C63-4B0E-83C9-CAF286B9A424}.Debug|Any CPU.Build.0 = Debug|Any CPU
		{53D67595-0C63-4B0E-83C9-CAF286B9A424}.Release|Any CPU.ActiveCfg = Release|Any CPU
		{53D67595-0C63-4B0E-83C9-CAF286B9A424}.Release|Any CPU.Build.0 = Release|Any CPU
	EndGlobalSection
	GlobalSection(SolutionProperties) = preSolution
		HideSolutionNode = FALSE
	EndGlobalSection
	GlobalSection(ExtensibilityGlobals) = postSolution
		SolutionGuid = {91BB1F84-0B44-4A09-B682-CCEA90E03127}
	EndGlobalSection
EndGlobal
